// !$*UTF8*$!
{
	archiveVersion = 1;
	classes = {
	};
	objectVersion = 50;
	objects = {

/* Begin PBXBuildFile section */
		DC2FA27523CEAB3900E88807 /* GraffeinePlotLayerTests.swift in Sources */ = {isa = PBXBuildFile; fileRef = DC2FA27423CEAB3900E88807 /* GraffeinePlotLayerTests.swift */; };
		DC2FA27623CEAB5A00E88807 /* GraffeinePlotLayer.swift in Sources */ = {isa = PBXBuildFile; fileRef = DC2FA27323CEA9DB00E88807 /* GraffeinePlotLayer.swift */; };
		DC2FA27723CEAB5A00E88807 /* GraffeinePlotLayer+Plot.swift in Sources */ = {isa = PBXBuildFile; fileRef = DC2FA27223CEA9DB00E88807 /* GraffeinePlotLayer+Plot.swift */; };
		DC336CD723DD7D710029316E /* GraffeineLayer+UnitColumn.swift in Sources */ = {isa = PBXBuildFile; fileRef = DC336CD623DD7D700029316E /* GraffeineLayer+UnitColumn.swift */; };
		DC336CDB23DD7DDB0029316E /* GraffeinePlotLabelLayer.swift in Sources */ = {isa = PBXBuildFile; fileRef = DC336CD923DD7DB60029316E /* GraffeinePlotLabelLayer.swift */; };
		DC336CDC23DD7DDB0029316E /* GraffeinePlotLabelLayer+Label.swift in Sources */ = {isa = PBXBuildFile; fileRef = DC336CDA23DD7DB60029316E /* GraffeinePlotLabelLayer+Label.swift */; };
		DC336CDD23DD7DE50029316E /* GraffeineDataAnimators_PlotLabel.swift in Sources */ = {isa = PBXBuildFile; fileRef = DC336CD523DD7D3C0029316E /* GraffeineDataAnimators_PlotLabel.swift */; };
		DC336CDE23DD7DE50029316E /* GraffeineDataAnimators_PlotLabel_FadeIn.swift in Sources */ = {isa = PBXBuildFile; fileRef = DC336CD423DD7D3C0029316E /* GraffeineDataAnimators_PlotLabel_FadeIn.swift */; };
		DC43354923D6CD830094BEE3 /* GraffeineLayer+Region.swift in Sources */ = {isa = PBXBuildFile; fileRef = DC43354823D6CD820094BEE3 /* GraffeineLayer+Region.swift */; };
		DC43354D23D6DA460094BEE3 /* GraffeineLayer+Selection.swift in Sources */ = {isa = PBXBuildFile; fileRef = DC43354C23D6DA450094BEE3 /* GraffeineLayer+Selection.swift */; };
		DC45D59723D65A7C000B9A35 /* GraffeineBarLayer.swift in Sources */ = {isa = PBXBuildFile; fileRef = DC612E8C23B4833B00C08AB5 /* GraffeineBarLayer.swift */; };
		DC45D59823D65A7C000B9A35 /* GraffeineBarLayer+Bar.swift in Sources */ = {isa = PBXBuildFile; fileRef = DC5E25E523BE851E006562B6 /* GraffeineBarLayer+Bar.swift */; };
		DC45D59A23D65A7C000B9A35 /* GraffeineBarLayer+Bar+RoundedEnds.swift in Sources */ = {isa = PBXBuildFile; fileRef = DC45D59523D65A50000B9A35 /* GraffeineBarLayer+Bar+RoundedEnds.swift */; };
		DC466E1923D68ADE00A86458 /* GraffeineLayer+UnitShadow.swift in Sources */ = {isa = PBXBuildFile; fileRef = DC466E1823D68ADE00A86458 /* GraffeineLayer+UnitShadow.swift */; };
		DC519A0823D4606F0003C38A /* GraffeineDataAnimators_Line_Trace.swift in Sources */ = {isa = PBXBuildFile; fileRef = DC519A0723D4606E0003C38A /* GraffeineDataAnimators_Line_Trace.swift */; };
		DC612E7423B4410400C08AB5 /* StoryboardLoader.swift in Sources */ = {isa = PBXBuildFile; fileRef = DC612E7223B440F400C08AB5 /* StoryboardLoader.swift */; };
		DC612E8223B449A100C08AB5 /* GraffeineViewTests.swift in Sources */ = {isa = PBXBuildFile; fileRef = DC612E8123B4495400C08AB5 /* GraffeineViewTests.swift */; };
		DC7005FD23D7D5840093D2BD /* Normalized.swift in Sources */ = {isa = PBXBuildFile; fileRef = DC7F21B823C6BE4E009629DD /* Normalized.swift */; };
		DC7F21B223C6B36B009629DD /* SampleData.swift in Sources */ = {isa = PBXBuildFile; fileRef = DC7F21B123C6B36B009629DD /* SampleData.swift */; };
		DC7F21B523C6B490009629DD /* GraffeineBarLayerTests.swift in Sources */ = {isa = PBXBuildFile; fileRef = DC7F21B423C6B490009629DD /* GraffeineBarLayerTests.swift */; };
		DC7F21B723C6BE0A009629DD /* DimensionalUnitTests.swift in Sources */ = {isa = PBXBuildFile; fileRef = DC7F21B623C6BE0A009629DD /* DimensionalUnitTests.swift */; };
		DC7F21BC23C6C1B0009629DD /* GraffeineLineLayerTests.swift in Sources */ = {isa = PBXBuildFile; fileRef = DC7F21BA23C6C162009629DD /* GraffeineLineLayerTests.swift */; };
		DC7F21BE23C6C360009629DD /* GraffeineGridLineLayerTests.swift in Sources */ = {isa = PBXBuildFile; fileRef = DC7F21BD23C6C360009629DD /* GraffeineGridLineLayerTests.swift */; };
		DC7F220623C711FF009629DD /* GraffeineHorizontalLabelLayerTests.swift in Sources */ = {isa = PBXBuildFile; fileRef = DC7F220423C711EC009629DD /* GraffeineHorizontalLabelLayerTests.swift */; };
		DC7F222023C83F94009629DD /* GraffeineLayer+LabelAlignment.swift in Sources */ = {isa = PBXBuildFile; fileRef = DC7F221F23C83F94009629DD /* GraffeineLayer+LabelAlignment.swift */; };
		DC8773E223DBB894005246BA /* LineSmoothingMethod.swift in Sources */ = {isa = PBXBuildFile; fileRef = DC8773E123DBB868005246BA /* LineSmoothingMethod.swift */; };
		DC8773E423DBB89E005246BA /* LineSmoothingMethodCatmullRom.swift in Sources */ = {isa = PBXBuildFile; fileRef = DC8773E323DBB89E005246BA /* LineSmoothingMethodCatmullRom.swift */; };
		DC8773E623DBB8D7005246BA /* UIBezierPath+LineSmoothing.swift in Sources */ = {isa = PBXBuildFile; fileRef = DC8773E523DBB8D7005246BA /* UIBezierPath+LineSmoothing.swift */; };
		DC8E25FC23D55ADD004DD5CE /* GraffeineVerticalLabelLayerTests.swift in Sources */ = {isa = PBXBuildFile; fileRef = DC8E25FB23D55ADD004DD5CE /* GraffeineVerticalLabelLayerTests.swift */; };
		DC8E260F23D58013004DD5CE /* GraffeineRadialLabelLayerTests.swift in Sources */ = {isa = PBXBuildFile; fileRef = DC8E260E23D58013004DD5CE /* GraffeineRadialLabelLayerTests.swift */; };
		DC8E261023D58083004DD5CE /* GraffeineDataAnimators_RadialLabel.swift in Sources */ = {isa = PBXBuildFile; fileRef = DC8E260D23D57FB5004DD5CE /* GraffeineDataAnimators_RadialLabel.swift */; };
		DC8E261123D58083004DD5CE /* GraffeineDataAnimators_RadialLabel_Move.swift in Sources */ = {isa = PBXBuildFile; fileRef = DC8E260C23D57FB5004DD5CE /* GraffeineDataAnimators_RadialLabel_Move.swift */; };
		DC8E261223D58087004DD5CE /* GraffeineRadialLabelLayer.swift in Sources */ = {isa = PBXBuildFile; fileRef = DC8E260A23D57F55004DD5CE /* GraffeineRadialLabelLayer.swift */; };
		DC8E261323D58087004DD5CE /* GraffeineRadialLabelLayer+Label.swift in Sources */ = {isa = PBXBuildFile; fileRef = DC8E260923D57F55004DD5CE /* GraffeineRadialLabelLayer+Label.swift */; };
		DCA7C09A23D9512C00B722E4 /* GraffeineLayer+UnitFill.swift in Sources */ = {isa = PBXBuildFile; fileRef = DCA7C09923D9512C00B722E4 /* GraffeineLayer+UnitFill.swift */; };
		DCA7C09C23D9513900B722E4 /* GraffeineLayer+UnitLine.swift in Sources */ = {isa = PBXBuildFile; fileRef = DCA7C09B23D9513900B722E4 /* GraffeineLayer+UnitLine.swift */; };
		DCA7C09E23D9514500B722E4 /* GraffeineLayer+UnitText.swift in Sources */ = {isa = PBXBuildFile; fileRef = DCA7C09D23D9514500B722E4 /* GraffeineLayer+UnitText.swift */; };
		DCA7C0B023D967E300B722E4 /* RadialPositioning.swift in Sources */ = {isa = PBXBuildFile; fileRef = DCA7C0AF23D967E300B722E4 /* RadialPositioning.swift */; };
		DCCC5FE523D2BEA600DA8839 /* CALayer+performWithoutAnimation.swift in Sources */ = {isa = PBXBuildFile; fileRef = DCCC5FE423D2BEA600DA8839 /* CALayer+performWithoutAnimation.swift */; };
		DCCF82E823D8062400CEA48F /* GraffeineDataAnimators_Pie_Morph.swift in Sources */ = {isa = PBXBuildFile; fileRef = DCCF82E723D8062400CEA48F /* GraffeineDataAnimators_Pie_Morph.swift */; };
		DCCF82EA23D8064000CEA48F /* GraffeineDataAnimators_RadialLabel_FadeIn.swift in Sources */ = {isa = PBXBuildFile; fileRef = DCCF82E923D8064000CEA48F /* GraffeineDataAnimators_RadialLabel_FadeIn.swift */; };
		DCE3CEA923D3E6080028F0B7 /* GraffeineDataAnimating.swift in Sources */ = {isa = PBXBuildFile; fileRef = DCE3CE9E23D3E5DF0028F0B7 /* GraffeineDataAnimating.swift */; };
		DCE3CEAA23D3E6080028F0B7 /* GraffeineDataAnimators.swift in Sources */ = {isa = PBXBuildFile; fileRef = DCE3CE9F23D3E5E10028F0B7 /* GraffeineDataAnimators.swift */; };
		DCE3CEAB23D3E6080028F0B7 /* GraffeineDataAnimators_Bar.swift in Sources */ = {isa = PBXBuildFile; fileRef = DCE3CEA023D3E5E20028F0B7 /* GraffeineDataAnimators_Bar.swift */; };
		DCE3CEAC23D3E6080028F0B7 /* GraffeineDataAnimators_Bar_Grow.swift in Sources */ = {isa = PBXBuildFile; fileRef = DCE3CEA123D3E5E40028F0B7 /* GraffeineDataAnimators_Bar_Grow.swift */; };
		DCE3CEAD23D3E6080028F0B7 /* GraffeineDataAnimators_Line.swift in Sources */ = {isa = PBXBuildFile; fileRef = DCE3CEA223D3E5E50028F0B7 /* GraffeineDataAnimators_Line.swift */; };
		DCE3CEAE23D3E6080028F0B7 /* GraffeineDataAnimators_Line_Morph.swift in Sources */ = {isa = PBXBuildFile; fileRef = DCE3CEA323D3E5E70028F0B7 /* GraffeineDataAnimators_Line_Morph.swift */; };
		DCE3CEB023D3E6080028F0B7 /* GraffeineDataAnimators_Plot.swift in Sources */ = {isa = PBXBuildFile; fileRef = DCE3CEA523D3E5EA0028F0B7 /* GraffeineDataAnimators_Plot.swift */; };
		DCE3CEB123D3E6080028F0B7 /* GraffeineDataAnimators_Plot_FadeIn.swift in Sources */ = {isa = PBXBuildFile; fileRef = DCE3CEA623D3E5EB0028F0B7 /* GraffeineDataAnimators_Plot_FadeIn.swift */; };
		DCE3CEB223D3E6080028F0B7 /* GraffeineDataAnimators_Pie.swift in Sources */ = {isa = PBXBuildFile; fileRef = DCE3CEA723D3E5ED0028F0B7 /* GraffeineDataAnimators_Pie.swift */; };
		DCE3CEB323D3E6080028F0B7 /* GraffeineDataAnimators_Pie_Automatic.swift in Sources */ = {isa = PBXBuildFile; fileRef = DCE3CEA823D3E5EE0028F0B7 /* GraffeineDataAnimators_Pie_Automatic.swift */; };
		DCE3CEB423D3E6080028F0B7 /* GraffeineDataAnimators_Pie_Spin.swift in Sources */ = {isa = PBXBuildFile; fileRef = DCE3CE9D23D3E5DA0028F0B7 /* GraffeineDataAnimators_Pie_Spin.swift */; };
		DCE3CEBB23D3E75B0028F0B7 /* GraffeineAnglePair.swift in Sources */ = {isa = PBXBuildFile; fileRef = DCE3CEBA23D3E75B0028F0B7 /* GraffeineAnglePair.swift */; };
		DCE3CEBD23D3E7C20028F0B7 /* GraffeineLayer+UnitSubdivision.swift in Sources */ = {isa = PBXBuildFile; fileRef = DCE3CEBC23D3E7C10028F0B7 /* GraffeineLayer+UnitSubdivision.swift */; };
		DCE3CEC923D43A9A0028F0B7 /* GraffeineAnglePairTests.swift in Sources */ = {isa = PBXBuildFile; fileRef = DCE3CEC723D43A960028F0B7 /* GraffeineAnglePairTests.swift */; };
		DCF0C99723D1A1CD00EDD4E4 /* GraffeinePieLayer+PieSlice.swift in Sources */ = {isa = PBXBuildFile; fileRef = DCF0C99523D1A1A100EDD4E4 /* GraffeinePieLayer+PieSlice.swift */; };
		DCF0C99823D1A1D000EDD4E4 /* GraffeinePieLayer.swift in Sources */ = {isa = PBXBuildFile; fileRef = DCF0C99623D1A1A100EDD4E4 /* GraffeinePieLayer.swift */; };
		DCF0C99A23D1A1DD00EDD4E4 /* GraffeinePieLayerTests.swift in Sources */ = {isa = PBXBuildFile; fileRef = DCF0C99923D1A1DD00EDD4E4 /* GraffeinePieLayerTests.swift */; };
		DCF3C76523C6963800F5F92F /* SampleConfig.swift in Sources */ = {isa = PBXBuildFile; fileRef = DCF3C76423C6963800F5F92F /* SampleConfig.swift */; };
		DCF3C77123C6995900F5F92F /* GraffeineView.swift in Sources */ = {isa = PBXBuildFile; fileRef = DC612E7C23B4445100C08AB5 /* GraffeineView.swift */; };
		DCF3C77223C6995900F5F92F /* GraffeineViewConfig.swift in Sources */ = {isa = PBXBuildFile; fileRef = DC9A1FD223C5A837008338EB /* GraffeineViewConfig.swift */; };
		DCF3C77323C6996000F5F92F /* GraffeineLayer.swift in Sources */ = {isa = PBXBuildFile; fileRef = DC612E7E23B444A900C08AB5 /* GraffeineLayer.swift */; };
		DCF3C77423C6996000F5F92F /* GraffeineData.swift in Sources */ = {isa = PBXBuildFile; fileRef = DC612E8323B46FB800C08AB5 /* GraffeineData.swift */; };
		DCF3C77523C6996000F5F92F /* GraffeineLayer+DimensionalUnit.swift in Sources */ = {isa = PBXBuildFile; fileRef = DC612E8723B4774000C08AB5 /* GraffeineLayer+DimensionalUnit.swift */; };
		DCF3C77823C6996900F5F92F /* GraffeineGridLineLayer.swift in Sources */ = {isa = PBXBuildFile; fileRef = DC9E5A1323C42DD100050A0B /* GraffeineGridLineLayer.swift */; };
		DCF3C77923C6996900F5F92F /* GraffeineGridLineLayer+GridLine.swift in Sources */ = {isa = PBXBuildFile; fileRef = DC9E5A1423C42E5800050A0B /* GraffeineGridLineLayer+GridLine.swift */; };
		DCF3C77A23C6997000F5F92F /* GraffeineHorizontalLabelLayer.swift in Sources */ = {isa = PBXBuildFile; fileRef = DC87B6A223C5069200C4C334 /* GraffeineHorizontalLabelLayer.swift */; };
		DCF3C77B23C6997000F5F92F /* GraffeineHorizontalLabelLayer+Label.swift in Sources */ = {isa = PBXBuildFile; fileRef = DC87B6A323C5069200C4C334 /* GraffeineHorizontalLabelLayer+Label.swift */; };
		DCF3C77C23C6997500F5F92F /* GraffeineVerticalLabelLayer.swift in Sources */ = {isa = PBXBuildFile; fileRef = DC9A1FCC23C59340008338EB /* GraffeineVerticalLabelLayer.swift */; };
		DCF3C77D23C6997500F5F92F /* GraffeineVerticalLabelLayer+Label.swift in Sources */ = {isa = PBXBuildFile; fileRef = DC9A1FCD23C59340008338EB /* GraffeineVerticalLabelLayer+Label.swift */; };
		DCF3C77E23C6997A00F5F92F /* GraffeineLineLayer.swift in Sources */ = {isa = PBXBuildFile; fileRef = DC9A1FD423C5B590008338EB /* GraffeineLineLayer.swift */; };
		DCF3C77F23C6997A00F5F92F /* GraffeineLineLayer+Line.swift in Sources */ = {isa = PBXBuildFile; fileRef = DC9A1FD523C5B590008338EB /* GraffeineLineLayer+Line.swift */; };
		DCF3C78623C69AE200F5F92F /* libGraffeine.a in Frameworks */ = {isa = PBXBuildFile; fileRef = DCF3C76A23C6993A00F5F92F /* libGraffeine.a */; };
		DCF5561523D989CB00C55556 /* GraffeineLayer+ColorIndex.swift in Sources */ = {isa = PBXBuildFile; fileRef = DCF5561423D989CB00C55556 /* GraffeineLayer+ColorIndex.swift */; };
/* End PBXBuildFile section */

/* Begin PBXContainerItemProxy section */
		DCF3C78423C69AD900F5F92F /* PBXContainerItemProxy */ = {
			isa = PBXContainerItemProxy;
			containerPortal = DC612E1C23B43B8000C08AB5 /* Project object */;
			proxyType = 1;
			remoteGlobalIDString = DCF3C76923C6993A00F5F92F;
			remoteInfo = Graffeine;
		};
/* End PBXContainerItemProxy section */

/* Begin PBXCopyFilesBuildPhase section */
		DCF3C76823C6993A00F5F92F /* CopyFiles */ = {
			isa = PBXCopyFilesBuildPhase;
			buildActionMask = 2147483647;
			dstPath = "include/$(PRODUCT_NAME)";
			dstSubfolderSpec = 16;
			files = (
			);
			runOnlyForDeploymentPostprocessing = 0;
		};
/* End PBXCopyFilesBuildPhase section */

/* Begin PBXFileReference section */
		DC2FA27223CEA9DB00E88807 /* GraffeinePlotLayer+Plot.swift */ = {isa = PBXFileReference; lastKnownFileType = sourcecode.swift; path = "GraffeinePlotLayer+Plot.swift"; sourceTree = "<group>"; };
		DC2FA27323CEA9DB00E88807 /* GraffeinePlotLayer.swift */ = {isa = PBXFileReference; lastKnownFileType = sourcecode.swift; path = GraffeinePlotLayer.swift; sourceTree = "<group>"; };
		DC2FA27423CEAB3900E88807 /* GraffeinePlotLayerTests.swift */ = {isa = PBXFileReference; lastKnownFileType = sourcecode.swift; path = GraffeinePlotLayerTests.swift; sourceTree = "<group>"; };
		DC336CD423DD7D3C0029316E /* GraffeineDataAnimators_PlotLabel_FadeIn.swift */ = {isa = PBXFileReference; lastKnownFileType = sourcecode.swift; path = GraffeineDataAnimators_PlotLabel_FadeIn.swift; sourceTree = "<group>"; };
		DC336CD523DD7D3C0029316E /* GraffeineDataAnimators_PlotLabel.swift */ = {isa = PBXFileReference; lastKnownFileType = sourcecode.swift; path = GraffeineDataAnimators_PlotLabel.swift; sourceTree = "<group>"; };
		DC336CD623DD7D700029316E /* GraffeineLayer+UnitColumn.swift */ = {isa = PBXFileReference; lastKnownFileType = sourcecode.swift; path = "GraffeineLayer+UnitColumn.swift"; sourceTree = "<group>"; };
		DC336CD923DD7DB60029316E /* GraffeinePlotLabelLayer.swift */ = {isa = PBXFileReference; lastKnownFileType = sourcecode.swift; path = GraffeinePlotLabelLayer.swift; sourceTree = "<group>"; };
		DC336CDA23DD7DB60029316E /* GraffeinePlotLabelLayer+Label.swift */ = {isa = PBXFileReference; lastKnownFileType = sourcecode.swift; path = "GraffeinePlotLabelLayer+Label.swift"; sourceTree = "<group>"; };
		DC43354823D6CD820094BEE3 /* GraffeineLayer+Region.swift */ = {isa = PBXFileReference; lastKnownFileType = sourcecode.swift; path = "GraffeineLayer+Region.swift"; sourceTree = "<group>"; };
		DC43354C23D6DA450094BEE3 /* GraffeineLayer+Selection.swift */ = {isa = PBXFileReference; lastKnownFileType = sourcecode.swift; path = "GraffeineLayer+Selection.swift"; sourceTree = "<group>"; };
		DC45D59523D65A50000B9A35 /* GraffeineBarLayer+Bar+RoundedEnds.swift */ = {isa = PBXFileReference; lastKnownFileType = sourcecode.swift; path = "GraffeineBarLayer+Bar+RoundedEnds.swift"; sourceTree = "<group>"; };
		DC466E1823D68ADE00A86458 /* GraffeineLayer+UnitShadow.swift */ = {isa = PBXFileReference; lastKnownFileType = sourcecode.swift; path = "GraffeineLayer+UnitShadow.swift"; sourceTree = "<group>"; };
		DC519A0723D4606E0003C38A /* GraffeineDataAnimators_Line_Trace.swift */ = {isa = PBXFileReference; lastKnownFileType = sourcecode.swift; path = GraffeineDataAnimators_Line_Trace.swift; sourceTree = "<group>"; };
		DC5E25E523BE851E006562B6 /* GraffeineBarLayer+Bar.swift */ = {isa = PBXFileReference; lastKnownFileType = sourcecode.swift; path = "GraffeineBarLayer+Bar.swift"; sourceTree = "<group>"; };
		DC612E3A23B43B8300C08AB5 /* GraffeineTests.xctest */ = {isa = PBXFileReference; explicitFileType = wrapper.cfbundle; includeInIndex = 0; path = GraffeineTests.xctest; sourceTree = BUILT_PRODUCTS_DIR; };
		DC612E5D23B43CCB00C08AB5 /* Info.plist */ = {isa = PBXFileReference; fileEncoding = 4; lastKnownFileType = text.plist.xml; path = Info.plist; sourceTree = "<group>"; };
		DC612E7223B440F400C08AB5 /* StoryboardLoader.swift */ = {isa = PBXFileReference; lastKnownFileType = sourcecode.swift; path = StoryboardLoader.swift; sourceTree = "<group>"; };
		DC612E7C23B4445100C08AB5 /* GraffeineView.swift */ = {isa = PBXFileReference; lastKnownFileType = sourcecode.swift; path = GraffeineView.swift; sourceTree = "<group>"; };
		DC612E7E23B444A900C08AB5 /* GraffeineLayer.swift */ = {isa = PBXFileReference; lastKnownFileType = sourcecode.swift; path = GraffeineLayer.swift; sourceTree = "<group>"; };
		DC612E8123B4495400C08AB5 /* GraffeineViewTests.swift */ = {isa = PBXFileReference; lastKnownFileType = sourcecode.swift; path = GraffeineViewTests.swift; sourceTree = "<group>"; };
		DC612E8323B46FB800C08AB5 /* GraffeineData.swift */ = {isa = PBXFileReference; lastKnownFileType = sourcecode.swift; path = GraffeineData.swift; sourceTree = "<group>"; };
		DC612E8723B4774000C08AB5 /* GraffeineLayer+DimensionalUnit.swift */ = {isa = PBXFileReference; lastKnownFileType = sourcecode.swift; path = "GraffeineLayer+DimensionalUnit.swift"; sourceTree = "<group>"; };
		DC612E8C23B4833B00C08AB5 /* GraffeineBarLayer.swift */ = {isa = PBXFileReference; lastKnownFileType = sourcecode.swift; path = GraffeineBarLayer.swift; sourceTree = "<group>"; };
		DC7F21B123C6B36B009629DD /* SampleData.swift */ = {isa = PBXFileReference; lastKnownFileType = sourcecode.swift; path = SampleData.swift; sourceTree = "<group>"; };
		DC7F21B423C6B490009629DD /* GraffeineBarLayerTests.swift */ = {isa = PBXFileReference; lastKnownFileType = sourcecode.swift; path = GraffeineBarLayerTests.swift; sourceTree = "<group>"; };
		DC7F21B623C6BE0A009629DD /* DimensionalUnitTests.swift */ = {isa = PBXFileReference; lastKnownFileType = sourcecode.swift; path = DimensionalUnitTests.swift; sourceTree = "<group>"; };
		DC7F21B823C6BE4E009629DD /* Normalized.swift */ = {isa = PBXFileReference; lastKnownFileType = sourcecode.swift; path = Normalized.swift; sourceTree = "<group>"; };
		DC7F21BA23C6C162009629DD /* GraffeineLineLayerTests.swift */ = {isa = PBXFileReference; lastKnownFileType = sourcecode.swift; path = GraffeineLineLayerTests.swift; sourceTree = "<group>"; };
		DC7F21BD23C6C360009629DD /* GraffeineGridLineLayerTests.swift */ = {isa = PBXFileReference; lastKnownFileType = sourcecode.swift; path = GraffeineGridLineLayerTests.swift; sourceTree = "<group>"; };
		DC7F220423C711EC009629DD /* GraffeineHorizontalLabelLayerTests.swift */ = {isa = PBXFileReference; lastKnownFileType = sourcecode.swift; path = GraffeineHorizontalLabelLayerTests.swift; sourceTree = "<group>"; };
		DC7F221F23C83F94009629DD /* GraffeineLayer+LabelAlignment.swift */ = {isa = PBXFileReference; lastKnownFileType = sourcecode.swift; path = "GraffeineLayer+LabelAlignment.swift"; sourceTree = "<group>"; };
		DC7F222323C85A81009629DD /* LICENSE */ = {isa = PBXFileReference; fileEncoding = 4; lastKnownFileType = text; path = LICENSE; sourceTree = "<group>"; };
		DC7F222423C85A81009629DD /* README.md */ = {isa = PBXFileReference; fileEncoding = 4; lastKnownFileType = net.daringfireball.markdown; path = README.md; sourceTree = "<group>"; };
		DC8773E123DBB868005246BA /* LineSmoothingMethod.swift */ = {isa = PBXFileReference; lastKnownFileType = sourcecode.swift; path = LineSmoothingMethod.swift; sourceTree = "<group>"; };
		DC8773E323DBB89E005246BA /* LineSmoothingMethodCatmullRom.swift */ = {isa = PBXFileReference; lastKnownFileType = sourcecode.swift; path = LineSmoothingMethodCatmullRom.swift; sourceTree = "<group>"; };
		DC8773E523DBB8D7005246BA /* UIBezierPath+LineSmoothing.swift */ = {isa = PBXFileReference; lastKnownFileType = sourcecode.swift; path = "UIBezierPath+LineSmoothing.swift"; sourceTree = "<group>"; };
		DC87B6A223C5069200C4C334 /* GraffeineHorizontalLabelLayer.swift */ = {isa = PBXFileReference; lastKnownFileType = sourcecode.swift; path = GraffeineHorizontalLabelLayer.swift; sourceTree = "<group>"; };
		DC87B6A323C5069200C4C334 /* GraffeineHorizontalLabelLayer+Label.swift */ = {isa = PBXFileReference; lastKnownFileType = sourcecode.swift; path = "GraffeineHorizontalLabelLayer+Label.swift"; sourceTree = "<group>"; };
		DC8E25FB23D55ADD004DD5CE /* GraffeineVerticalLabelLayerTests.swift */ = {isa = PBXFileReference; lastKnownFileType = sourcecode.swift; path = GraffeineVerticalLabelLayerTests.swift; sourceTree = "<group>"; };
		DC8E260923D57F55004DD5CE /* GraffeineRadialLabelLayer+Label.swift */ = {isa = PBXFileReference; lastKnownFileType = sourcecode.swift; path = "GraffeineRadialLabelLayer+Label.swift"; sourceTree = "<group>"; };
		DC8E260A23D57F55004DD5CE /* GraffeineRadialLabelLayer.swift */ = {isa = PBXFileReference; lastKnownFileType = sourcecode.swift; path = GraffeineRadialLabelLayer.swift; sourceTree = "<group>"; };
		DC8E260C23D57FB5004DD5CE /* GraffeineDataAnimators_RadialLabel_Move.swift */ = {isa = PBXFileReference; lastKnownFileType = sourcecode.swift; path = GraffeineDataAnimators_RadialLabel_Move.swift; sourceTree = "<group>"; };
		DC8E260D23D57FB5004DD5CE /* GraffeineDataAnimators_RadialLabel.swift */ = {isa = PBXFileReference; lastKnownFileType = sourcecode.swift; path = GraffeineDataAnimators_RadialLabel.swift; sourceTree = "<group>"; };
		DC8E260E23D58013004DD5CE /* GraffeineRadialLabelLayerTests.swift */ = {isa = PBXFileReference; lastKnownFileType = sourcecode.swift; path = GraffeineRadialLabelLayerTests.swift; sourceTree = "<group>"; };
		DC9A1FCC23C59340008338EB /* GraffeineVerticalLabelLayer.swift */ = {isa = PBXFileReference; lastKnownFileType = sourcecode.swift; path = GraffeineVerticalLabelLayer.swift; sourceTree = "<group>"; };
		DC9A1FCD23C59340008338EB /* GraffeineVerticalLabelLayer+Label.swift */ = {isa = PBXFileReference; lastKnownFileType = sourcecode.swift; path = "GraffeineVerticalLabelLayer+Label.swift"; sourceTree = "<group>"; };
		DC9A1FD223C5A837008338EB /* GraffeineViewConfig.swift */ = {isa = PBXFileReference; lastKnownFileType = sourcecode.swift; path = GraffeineViewConfig.swift; sourceTree = "<group>"; };
		DC9A1FD423C5B590008338EB /* GraffeineLineLayer.swift */ = {isa = PBXFileReference; lastKnownFileType = sourcecode.swift; path = GraffeineLineLayer.swift; sourceTree = "<group>"; };
		DC9A1FD523C5B590008338EB /* GraffeineLineLayer+Line.swift */ = {isa = PBXFileReference; lastKnownFileType = sourcecode.swift; path = "GraffeineLineLayer+Line.swift"; sourceTree = "<group>"; };
		DC9E5A1323C42DD100050A0B /* GraffeineGridLineLayer.swift */ = {isa = PBXFileReference; lastKnownFileType = sourcecode.swift; path = GraffeineGridLineLayer.swift; sourceTree = "<group>"; };
		DC9E5A1423C42E5800050A0B /* GraffeineGridLineLayer+GridLine.swift */ = {isa = PBXFileReference; lastKnownFileType = sourcecode.swift; path = "GraffeineGridLineLayer+GridLine.swift"; sourceTree = "<group>"; };
		DCA7C09923D9512C00B722E4 /* GraffeineLayer+UnitFill.swift */ = {isa = PBXFileReference; lastKnownFileType = sourcecode.swift; path = "GraffeineLayer+UnitFill.swift"; sourceTree = "<group>"; };
		DCA7C09B23D9513900B722E4 /* GraffeineLayer+UnitLine.swift */ = {isa = PBXFileReference; lastKnownFileType = sourcecode.swift; path = "GraffeineLayer+UnitLine.swift"; sourceTree = "<group>"; };
		DCA7C09D23D9514500B722E4 /* GraffeineLayer+UnitText.swift */ = {isa = PBXFileReference; lastKnownFileType = sourcecode.swift; path = "GraffeineLayer+UnitText.swift"; sourceTree = "<group>"; };
		DCA7C0AF23D967E300B722E4 /* RadialPositioning.swift */ = {isa = PBXFileReference; fileEncoding = 4; lastKnownFileType = sourcecode.swift; path = RadialPositioning.swift; sourceTree = "<group>"; };
		DCCC5FE423D2BEA600DA8839 /* CALayer+performWithoutAnimation.swift */ = {isa = PBXFileReference; lastKnownFileType = sourcecode.swift; path = "CALayer+performWithoutAnimation.swift"; sourceTree = "<group>"; };
		DCCF82E723D8062400CEA48F /* GraffeineDataAnimators_Pie_Morph.swift */ = {isa = PBXFileReference; lastKnownFileType = sourcecode.swift; path = GraffeineDataAnimators_Pie_Morph.swift; sourceTree = "<group>"; };
		DCCF82E923D8064000CEA48F /* GraffeineDataAnimators_RadialLabel_FadeIn.swift */ = {isa = PBXFileReference; lastKnownFileType = sourcecode.swift; path = GraffeineDataAnimators_RadialLabel_FadeIn.swift; sourceTree = "<group>"; };
		DCE3CE9D23D3E5DA0028F0B7 /* GraffeineDataAnimators_Pie_Spin.swift */ = {isa = PBXFileReference; lastKnownFileType = sourcecode.swift; path = GraffeineDataAnimators_Pie_Spin.swift; sourceTree = "<group>"; };
		DCE3CE9E23D3E5DF0028F0B7 /* GraffeineDataAnimating.swift */ = {isa = PBXFileReference; lastKnownFileType = sourcecode.swift; path = GraffeineDataAnimating.swift; sourceTree = "<group>"; };
		DCE3CE9F23D3E5E10028F0B7 /* GraffeineDataAnimators.swift */ = {isa = PBXFileReference; lastKnownFileType = sourcecode.swift; path = GraffeineDataAnimators.swift; sourceTree = "<group>"; };
		DCE3CEA023D3E5E20028F0B7 /* GraffeineDataAnimators_Bar.swift */ = {isa = PBXFileReference; lastKnownFileType = sourcecode.swift; path = GraffeineDataAnimators_Bar.swift; sourceTree = "<group>"; };
		DCE3CEA123D3E5E40028F0B7 /* GraffeineDataAnimators_Bar_Grow.swift */ = {isa = PBXFileReference; lastKnownFileType = sourcecode.swift; path = GraffeineDataAnimators_Bar_Grow.swift; sourceTree = "<group>"; };
		DCE3CEA223D3E5E50028F0B7 /* GraffeineDataAnimators_Line.swift */ = {isa = PBXFileReference; lastKnownFileType = sourcecode.swift; path = GraffeineDataAnimators_Line.swift; sourceTree = "<group>"; };
		DCE3CEA323D3E5E70028F0B7 /* GraffeineDataAnimators_Line_Morph.swift */ = {isa = PBXFileReference; lastKnownFileType = sourcecode.swift; path = GraffeineDataAnimators_Line_Morph.swift; sourceTree = "<group>"; };
		DCE3CEA523D3E5EA0028F0B7 /* GraffeineDataAnimators_Plot.swift */ = {isa = PBXFileReference; lastKnownFileType = sourcecode.swift; path = GraffeineDataAnimators_Plot.swift; sourceTree = "<group>"; };
		DCE3CEA623D3E5EB0028F0B7 /* GraffeineDataAnimators_Plot_FadeIn.swift */ = {isa = PBXFileReference; lastKnownFileType = sourcecode.swift; path = GraffeineDataAnimators_Plot_FadeIn.swift; sourceTree = "<group>"; };
		DCE3CEA723D3E5ED0028F0B7 /* GraffeineDataAnimators_Pie.swift */ = {isa = PBXFileReference; lastKnownFileType = sourcecode.swift; path = GraffeineDataAnimators_Pie.swift; sourceTree = "<group>"; };
		DCE3CEA823D3E5EE0028F0B7 /* GraffeineDataAnimators_Pie_Automatic.swift */ = {isa = PBXFileReference; lastKnownFileType = sourcecode.swift; path = GraffeineDataAnimators_Pie_Automatic.swift; sourceTree = "<group>"; };
		DCE3CEBA23D3E75B0028F0B7 /* GraffeineAnglePair.swift */ = {isa = PBXFileReference; lastKnownFileType = sourcecode.swift; path = GraffeineAnglePair.swift; sourceTree = "<group>"; };
		DCE3CEBC23D3E7C10028F0B7 /* GraffeineLayer+UnitSubdivision.swift */ = {isa = PBXFileReference; lastKnownFileType = sourcecode.swift; path = "GraffeineLayer+UnitSubdivision.swift"; sourceTree = "<group>"; };
		DCE3CEC723D43A960028F0B7 /* GraffeineAnglePairTests.swift */ = {isa = PBXFileReference; fileEncoding = 4; lastKnownFileType = sourcecode.swift; name = GraffeineAnglePairTests.swift; path = Util/GraffeineAnglePairTests.swift; sourceTree = "<group>"; };
		DCF0C99523D1A1A100EDD4E4 /* GraffeinePieLayer+PieSlice.swift */ = {isa = PBXFileReference; lastKnownFileType = sourcecode.swift; path = "GraffeinePieLayer+PieSlice.swift"; sourceTree = "<group>"; };
		DCF0C99623D1A1A100EDD4E4 /* GraffeinePieLayer.swift */ = {isa = PBXFileReference; lastKnownFileType = sourcecode.swift; path = GraffeinePieLayer.swift; sourceTree = "<group>"; };
		DCF0C99923D1A1DD00EDD4E4 /* GraffeinePieLayerTests.swift */ = {isa = PBXFileReference; lastKnownFileType = sourcecode.swift; path = GraffeinePieLayerTests.swift; sourceTree = "<group>"; };
		DCF3C76423C6963800F5F92F /* SampleConfig.swift */ = {isa = PBXFileReference; lastKnownFileType = sourcecode.swift; path = SampleConfig.swift; sourceTree = "<group>"; };
		DCF3C76A23C6993A00F5F92F /* libGraffeine.a */ = {isa = PBXFileReference; explicitFileType = archive.ar; includeInIndex = 0; path = libGraffeine.a; sourceTree = BUILT_PRODUCTS_DIR; };
		DCF5561423D989CB00C55556 /* GraffeineLayer+ColorIndex.swift */ = {isa = PBXFileReference; lastKnownFileType = sourcecode.swift; path = "GraffeineLayer+ColorIndex.swift"; sourceTree = "<group>"; };
/* End PBXFileReference section */

/* Begin PBXFrameworksBuildPhase section */
		DC612E3723B43B8300C08AB5 /* Frameworks */ = {
			isa = PBXFrameworksBuildPhase;
			buildActionMask = 2147483647;
			files = (
				DCF3C78623C69AE200F5F92F /* libGraffeine.a in Frameworks */,
			);
			runOnlyForDeploymentPostprocessing = 0;
		};
		DCF3C76723C6993A00F5F92F /* Frameworks */ = {
			isa = PBXFrameworksBuildPhase;
			buildActionMask = 2147483647;
			files = (
			);
			runOnlyForDeploymentPostprocessing = 0;
		};
/* End PBXFrameworksBuildPhase section */

/* Begin PBXGroup section */
		DC2FA27123CEA9BE00E88807 /* Plot */ = {
			isa = PBXGroup;
			children = (
				DC2FA27323CEA9DB00E88807 /* GraffeinePlotLayer.swift */,
				DC2FA27223CEA9DB00E88807 /* GraffeinePlotLayer+Plot.swift */,
			);
			path = Plot;
			sourceTree = "<group>";
		};
		DC336CD323DD7D2A0029316E /* PlotLabel */ = {
			isa = PBXGroup;
			children = (
				DC336CD523DD7D3C0029316E /* GraffeineDataAnimators_PlotLabel.swift */,
				DC336CD423DD7D3C0029316E /* GraffeineDataAnimators_PlotLabel_FadeIn.swift */,
			);
			path = PlotLabel;
			sourceTree = "<group>";
		};
		DC336CD823DD7DAA0029316E /* Plot */ = {
			isa = PBXGroup;
			children = (
				DC336CD923DD7DB60029316E /* GraffeinePlotLabelLayer.swift */,
				DC336CDA23DD7DB60029316E /* GraffeinePlotLabelLayer+Label.swift */,
			);
			path = Plot;
			sourceTree = "<group>";
		};
		DC59FB3523C4F68E00684E03 /* Horizontal */ = {
			isa = PBXGroup;
			children = (
				DC87B6A223C5069200C4C334 /* GraffeineHorizontalLabelLayer.swift */,
				DC87B6A323C5069200C4C334 /* GraffeineHorizontalLabelLayer+Label.swift */,
			);
			path = Horizontal;
			sourceTree = "<group>";
		};
		DC5E25E323BE84AA006562B6 /* Bar */ = {
			isa = PBXGroup;
			children = (
				DC612E8C23B4833B00C08AB5 /* GraffeineBarLayer.swift */,
				DC5E25E523BE851E006562B6 /* GraffeineBarLayer+Bar.swift */,
				DC45D59523D65A50000B9A35 /* GraffeineBarLayer+Bar+RoundedEnds.swift */,
			);
			path = Bar;
			sourceTree = "<group>";
		};
		DC5E25E423BE84BD006562B6 /* Line */ = {
			isa = PBXGroup;
			children = (
				DC9A1FD423C5B590008338EB /* GraffeineLineLayer.swift */,
				DC9A1FD523C5B590008338EB /* GraffeineLineLayer+Line.swift */,
			);
			path = Line;
			sourceTree = "<group>";
		};
		DC612E1B23B43B8000C08AB5 = {
			isa = PBXGroup;
			children = (
				DC7F222323C85A81009629DD /* LICENSE */,
				DC7F222423C85A81009629DD /* README.md */,
				DCF3C78223C699B900F5F92F /* Frameworks */,
				DC612E2523B43B8000C08AB5 /* Products */,
				DC612E4923B43C1800C08AB5 /* Sources */,
				DC612E5B23B43CCB00C08AB5 /* Tests */,
			);
			sourceTree = "<group>";
		};
		DC612E2523B43B8000C08AB5 /* Products */ = {
			isa = PBXGroup;
			children = (
				DC612E3A23B43B8300C08AB5 /* GraffeineTests.xctest */,
				DCF3C76A23C6993A00F5F92F /* libGraffeine.a */,
			);
			name = Products;
			sourceTree = "<group>";
		};
		DC612E4923B43C1800C08AB5 /* Sources */ = {
			isa = PBXGroup;
			children = (
				DC612E7723B4422600C08AB5 /* Graffeine */,
			);
			path = Sources;
			sourceTree = "<group>";
		};
		DC612E5B23B43CCB00C08AB5 /* Tests */ = {
			isa = PBXGroup;
			children = (
				DC612E5C23B43CCB00C08AB5 /* GraffeineTests */,
			);
			path = Tests;
			sourceTree = "<group>";
		};
		DC612E5C23B43CCB00C08AB5 /* GraffeineTests */ = {
			isa = PBXGroup;
			children = (
				DC612E5D23B43CCB00C08AB5 /* Info.plist */,
				DC7F21B623C6BE0A009629DD /* DimensionalUnitTests.swift */,
				DCE3CEC723D43A960028F0B7 /* GraffeineAnglePairTests.swift */,
				DC7F21B423C6B490009629DD /* GraffeineBarLayerTests.swift */,
				DC7F21BD23C6C360009629DD /* GraffeineGridLineLayerTests.swift */,
				DC7F220423C711EC009629DD /* GraffeineHorizontalLabelLayerTests.swift */,
				DC7F21BA23C6C162009629DD /* GraffeineLineLayerTests.swift */,
				DCF0C99923D1A1DD00EDD4E4 /* GraffeinePieLayerTests.swift */,
				DC2FA27423CEAB3900E88807 /* GraffeinePlotLayerTests.swift */,
				DC8E260E23D58013004DD5CE /* GraffeineRadialLabelLayerTests.swift */,
				DC8E25FB23D55ADD004DD5CE /* GraffeineVerticalLabelLayerTests.swift */,
				DC612E8123B4495400C08AB5 /* GraffeineViewTests.swift */,
				DC7F21B323C6B397009629DD /* Sample */,
				DC612E7123B440D800C08AB5 /* testHelpers */,
			);
			path = GraffeineTests;
			sourceTree = "<group>";
		};
		DC612E7123B440D800C08AB5 /* testHelpers */ = {
			isa = PBXGroup;
			children = (
				DC612E7223B440F400C08AB5 /* StoryboardLoader.swift */,
			);
			path = testHelpers;
			sourceTree = "<group>";
		};
		DC612E7723B4422600C08AB5 /* Graffeine */ = {
			isa = PBXGroup;
			children = (
				DC612E8323B46FB800C08AB5 /* GraffeineData.swift */,
				DC612E7C23B4445100C08AB5 /* GraffeineView.swift */,
				DC9A1FD223C5A837008338EB /* GraffeineViewConfig.swift */,
				DCE3CE9B23D3E5AC0028F0B7 /* Animation */,
				DC612E8923B477DB00C08AB5 /* Layer */,
				DCE3CE9C23D3E5CE0028F0B7 /* Util */,
			);
			path = Graffeine;
			sourceTree = "<group>";
		};
		DC612E8923B477DB00C08AB5 /* Layer */ = {
			isa = PBXGroup;
			children = (
				DC612E7E23B444A900C08AB5 /* GraffeineLayer.swift */,
				DCF5561423D989CB00C55556 /* GraffeineLayer+ColorIndex.swift */,
				DC612E8723B4774000C08AB5 /* GraffeineLayer+DimensionalUnit.swift */,
				DC7F221F23C83F94009629DD /* GraffeineLayer+LabelAlignment.swift */,
				DC43354823D6CD820094BEE3 /* GraffeineLayer+Region.swift */,
				DC43354C23D6DA450094BEE3 /* GraffeineLayer+Selection.swift */,
				DC336CD623DD7D700029316E /* GraffeineLayer+UnitColumn.swift */,
				DCA7C09923D9512C00B722E4 /* GraffeineLayer+UnitFill.swift */,
				DCA7C09B23D9513900B722E4 /* GraffeineLayer+UnitLine.swift */,
				DC466E1823D68ADE00A86458 /* GraffeineLayer+UnitShadow.swift */,
				DCE3CEBC23D3E7C10028F0B7 /* GraffeineLayer+UnitSubdivision.swift */,
				DCA7C09D23D9514500B722E4 /* GraffeineLayer+UnitText.swift */,
				DC5E25E323BE84AA006562B6 /* Bar */,
				DC9E5A1223C42D9F00050A0B /* Grid */,
				DC9A1FCA23C59322008338EB /* Label */,
				DC5E25E423BE84BD006562B6 /* Line */,
				DCF0C99423D1A18C00EDD4E4 /* Pie */,
				DC2FA27123CEA9BE00E88807 /* Plot */,
			);
			path = Layer;
			sourceTree = "<group>";
		};
		DC7F21B323C6B397009629DD /* Sample */ = {
			isa = PBXGroup;
			children = (
				DCF3C76423C6963800F5F92F /* SampleConfig.swift */,
				DC7F21B123C6B36B009629DD /* SampleData.swift */,
			);
			path = Sample;
			sourceTree = "<group>";
		};
		DC8773E023DBB82E005246BA /* LineSmoothing */ = {
			isa = PBXGroup;
			children = (
				DC8773E123DBB868005246BA /* LineSmoothingMethod.swift */,
				DC8773E323DBB89E005246BA /* LineSmoothingMethodCatmullRom.swift */,
				DC8773E523DBB8D7005246BA /* UIBezierPath+LineSmoothing.swift */,
			);
			path = LineSmoothing;
			sourceTree = "<group>";
		};
		DC8E260823D57F43004DD5CE /* Radial */ = {
			isa = PBXGroup;
			children = (
				DC8E260A23D57F55004DD5CE /* GraffeineRadialLabelLayer.swift */,
				DC8E260923D57F55004DD5CE /* GraffeineRadialLabelLayer+Label.swift */,
			);
			path = Radial;
			sourceTree = "<group>";
		};
		DC8E260B23D57FA1004DD5CE /* RadialLabel */ = {
			isa = PBXGroup;
			children = (
				DCCF82E923D8064000CEA48F /* GraffeineDataAnimators_RadialLabel_FadeIn.swift */,
				DC8E260C23D57FB5004DD5CE /* GraffeineDataAnimators_RadialLabel_Move.swift */,
				DC8E260D23D57FB5004DD5CE /* GraffeineDataAnimators_RadialLabel.swift */,
			);
			path = RadialLabel;
			sourceTree = "<group>";
		};
		DC9A1FCA23C59322008338EB /* Label */ = {
			isa = PBXGroup;
			children = (
				DC59FB3523C4F68E00684E03 /* Horizontal */,
				DC336CD823DD7DAA0029316E /* Plot */,
				DC8E260823D57F43004DD5CE /* Radial */,
				DC9A1FCB23C59330008338EB /* Vertical */,
			);
			path = Label;
			sourceTree = "<group>";
		};
		DC9A1FCB23C59330008338EB /* Vertical */ = {
			isa = PBXGroup;
			children = (
				DC9A1FCC23C59340008338EB /* GraffeineVerticalLabelLayer.swift */,
				DC9A1FCD23C59340008338EB /* GraffeineVerticalLabelLayer+Label.swift */,
			);
			path = Vertical;
			sourceTree = "<group>";
		};
		DC9E5A1223C42D9F00050A0B /* Grid */ = {
			isa = PBXGroup;
			children = (
				DC9E5A1323C42DD100050A0B /* GraffeineGridLineLayer.swift */,
				DC9E5A1423C42E5800050A0B /* GraffeineGridLineLayer+GridLine.swift */,
			);
			path = Grid;
			sourceTree = "<group>";
		};
		DCE3CE9B23D3E5AC0028F0B7 /* Animation */ = {
			isa = PBXGroup;
			children = (
				DCE3CE9E23D3E5DF0028F0B7 /* GraffeineDataAnimating.swift */,
				DCE3CE9F23D3E5E10028F0B7 /* GraffeineDataAnimators.swift */,
				DCE3CEB523D3E6240028F0B7 /* Bar */,
				DCE3CEB623D3E6700028F0B7 /* Line */,
				DCE3CEB723D3E6A70028F0B7 /* Pie */,
				DCE3CEB823D3E6F30028F0B7 /* Plot */,
				DC336CD323DD7D2A0029316E /* PlotLabel */,
				DC8E260B23D57FA1004DD5CE /* RadialLabel */,
			);
			path = Animation;
			sourceTree = "<group>";
		};
		DCE3CE9C23D3E5CE0028F0B7 /* Util */ = {
			isa = PBXGroup;
			children = (
				DC8773E023DBB82E005246BA /* LineSmoothing */,
				DCCC5FE423D2BEA600DA8839 /* CALayer+performWithoutAnimation.swift */,
				DCE3CEBA23D3E75B0028F0B7 /* GraffeineAnglePair.swift */,
				DC7F21B823C6BE4E009629DD /* Normalized.swift */,
				DCA7C0AF23D967E300B722E4 /* RadialPositioning.swift */,
			);
			path = Util;
			sourceTree = "<group>";
		};
		DCE3CEB523D3E6240028F0B7 /* Bar */ = {
			isa = PBXGroup;
			children = (
				DCE3CEA023D3E5E20028F0B7 /* GraffeineDataAnimators_Bar.swift */,
				DCE3CEA123D3E5E40028F0B7 /* GraffeineDataAnimators_Bar_Grow.swift */,
			);
			path = Bar;
			sourceTree = "<group>";
		};
		DCE3CEB623D3E6700028F0B7 /* Line */ = {
			isa = PBXGroup;
			children = (
				DCE3CEA223D3E5E50028F0B7 /* GraffeineDataAnimators_Line.swift */,
				DCE3CEA323D3E5E70028F0B7 /* GraffeineDataAnimators_Line_Morph.swift */,
				DC519A0723D4606E0003C38A /* GraffeineDataAnimators_Line_Trace.swift */,
			);
			path = Line;
			sourceTree = "<group>";
		};
		DCE3CEB723D3E6A70028F0B7 /* Pie */ = {
			isa = PBXGroup;
			children = (
				DCE3CEA723D3E5ED0028F0B7 /* GraffeineDataAnimators_Pie.swift */,
				DCE3CEA823D3E5EE0028F0B7 /* GraffeineDataAnimators_Pie_Automatic.swift */,
				DCCF82E723D8062400CEA48F /* GraffeineDataAnimators_Pie_Morph.swift */,
				DCE3CE9D23D3E5DA0028F0B7 /* GraffeineDataAnimators_Pie_Spin.swift */,
			);
			path = Pie;
			sourceTree = "<group>";
		};
		DCE3CEB823D3E6F30028F0B7 /* Plot */ = {
			isa = PBXGroup;
			children = (
				DCE3CEA523D3E5EA0028F0B7 /* GraffeineDataAnimators_Plot.swift */,
				DCE3CEA623D3E5EB0028F0B7 /* GraffeineDataAnimators_Plot_FadeIn.swift */,
			);
			path = Plot;
			sourceTree = "<group>";
		};
		DCF0C99423D1A18C00EDD4E4 /* Pie */ = {
			isa = PBXGroup;
			children = (
				DCF0C99623D1A1A100EDD4E4 /* GraffeinePieLayer.swift */,
				DCF0C99523D1A1A100EDD4E4 /* GraffeinePieLayer+PieSlice.swift */,
			);
			path = Pie;
			sourceTree = "<group>";
		};
		DCF3C78223C699B900F5F92F /* Frameworks */ = {
			isa = PBXGroup;
			children = (
			);
			name = Frameworks;
			sourceTree = "<group>";
		};
/* End PBXGroup section */

/* Begin PBXNativeTarget section */
		DC612E3923B43B8300C08AB5 /* GraffeineTests */ = {
			isa = PBXNativeTarget;
			buildConfigurationList = DC612E4623B43B8300C08AB5 /* Build configuration list for PBXNativeTarget "GraffeineTests" */;
			buildPhases = (
				DC612E3623B43B8300C08AB5 /* Sources */,
				DC612E3723B43B8300C08AB5 /* Frameworks */,
				DC612E3823B43B8300C08AB5 /* Resources */,
			);
			buildRules = (
			);
			dependencies = (
				DCF3C78523C69AD900F5F92F /* PBXTargetDependency */,
			);
			name = GraffeineTests;
			productName = GraffeineTests;
			productReference = DC612E3A23B43B8300C08AB5 /* GraffeineTests.xctest */;
			productType = "com.apple.product-type.bundle.unit-test";
		};
		DCF3C76923C6993A00F5F92F /* Graffeine */ = {
			isa = PBXNativeTarget;
			buildConfigurationList = DCF3C76E23C6993A00F5F92F /* Build configuration list for PBXNativeTarget "Graffeine" */;
			buildPhases = (
				DCF3C76623C6993A00F5F92F /* Sources */,
				DCF3C76723C6993A00F5F92F /* Frameworks */,
				DCF3C76823C6993A00F5F92F /* CopyFiles */,
			);
			buildRules = (
			);
			dependencies = (
			);
			name = Graffeine;
			productName = Graffeine;
			productReference = DCF3C76A23C6993A00F5F92F /* libGraffeine.a */;
			productType = "com.apple.product-type.library.static";
		};
/* End PBXNativeTarget section */

/* Begin PBXProject section */
		DC612E1C23B43B8000C08AB5 /* Project object */ = {
			isa = PBXProject;
			attributes = {
				LastSwiftUpdateCheck = 1130;
				LastUpgradeCheck = 1120;
				ORGANIZATIONNAME = "VML, Inc.";
				TargetAttributes = {
					DC612E3923B43B8300C08AB5 = {
						CreatedOnToolsVersion = 11.2.1;
					};
					DCF3C76923C6993A00F5F92F = {
						CreatedOnToolsVersion = 11.3;
					};
				};
			};
			buildConfigurationList = DC612E1F23B43B8000C08AB5 /* Build configuration list for PBXProject "Graffeine" */;
			compatibilityVersion = "Xcode 9.3";
			developmentRegion = en;
			hasScannedForEncodings = 0;
			knownRegions = (
				en,
				Base,
			);
			mainGroup = DC612E1B23B43B8000C08AB5;
			productRefGroup = DC612E2523B43B8000C08AB5 /* Products */;
			projectDirPath = "";
			projectRoot = "";
			targets = (
				DCF3C76923C6993A00F5F92F /* Graffeine */,
				DC612E3923B43B8300C08AB5 /* GraffeineTests */,
			);
		};
/* End PBXProject section */

/* Begin PBXResourcesBuildPhase section */
		DC612E3823B43B8300C08AB5 /* Resources */ = {
			isa = PBXResourcesBuildPhase;
			buildActionMask = 2147483647;
			files = (
			);
			runOnlyForDeploymentPostprocessing = 0;
		};
/* End PBXResourcesBuildPhase section */

/* Begin PBXSourcesBuildPhase section */
		DC612E3623B43B8300C08AB5 /* Sources */ = {
			isa = PBXSourcesBuildPhase;
			buildActionMask = 2147483647;
			files = (
				DCE3CEC923D43A9A0028F0B7 /* GraffeineAnglePairTests.swift in Sources */,
				DC8E25FC23D55ADD004DD5CE /* GraffeineVerticalLabelLayerTests.swift in Sources */,
				DCF3C76523C6963800F5F92F /* SampleConfig.swift in Sources */,
				DC7F21B723C6BE0A009629DD /* DimensionalUnitTests.swift in Sources */,
				DC7F21B223C6B36B009629DD /* SampleData.swift in Sources */,
				DC7F21B523C6B490009629DD /* GraffeineBarLayerTests.swift in Sources */,
				DC612E8223B449A100C08AB5 /* GraffeineViewTests.swift in Sources */,
				DC7F220623C711FF009629DD /* GraffeineHorizontalLabelLayerTests.swift in Sources */,
				DC8E260F23D58013004DD5CE /* GraffeineRadialLabelLayerTests.swift in Sources */,
				DC612E7423B4410400C08AB5 /* StoryboardLoader.swift in Sources */,
				DC2FA27523CEAB3900E88807 /* GraffeinePlotLayerTests.swift in Sources */,
				DC7F21BE23C6C360009629DD /* GraffeineGridLineLayerTests.swift in Sources */,
				DCF0C99A23D1A1DD00EDD4E4 /* GraffeinePieLayerTests.swift in Sources */,
				DC7F21BC23C6C1B0009629DD /* GraffeineLineLayerTests.swift in Sources */,
			);
			runOnlyForDeploymentPostprocessing = 0;
		};
		DCF3C76623C6993A00F5F92F /* Sources */ = {
			isa = PBXSourcesBuildPhase;
			buildActionMask = 2147483647;
			files = (
				DC8E261323D58087004DD5CE /* GraffeineRadialLabelLayer+Label.swift in Sources */,
				DCA7C09E23D9514500B722E4 /* GraffeineLayer+UnitText.swift in Sources */,
				DCF3C77E23C6997A00F5F92F /* GraffeineLineLayer.swift in Sources */,
				DC7F222023C83F94009629DD /* GraffeineLayer+LabelAlignment.swift in Sources */,
				DCF3C77123C6995900F5F92F /* GraffeineView.swift in Sources */,
				DCF3C77223C6995900F5F92F /* GraffeineViewConfig.swift in Sources */,
				DC336CD723DD7D710029316E /* GraffeineLayer+UnitColumn.swift in Sources */,
				DC45D59723D65A7C000B9A35 /* GraffeineBarLayer.swift in Sources */,
				DC2FA27623CEAB5A00E88807 /* GraffeinePlotLayer.swift in Sources */,
				DC8773E223DBB894005246BA /* LineSmoothingMethod.swift in Sources */,
				DC8773E623DBB8D7005246BA /* UIBezierPath+LineSmoothing.swift in Sources */,
				DC7005FD23D7D5840093D2BD /* Normalized.swift in Sources */,
				DCF3C77D23C6997500F5F92F /* GraffeineVerticalLabelLayer+Label.swift in Sources */,
				DCF3C77C23C6997500F5F92F /* GraffeineVerticalLabelLayer.swift in Sources */,
				DCE3CEA923D3E6080028F0B7 /* GraffeineDataAnimating.swift in Sources */,
				DCE3CEAE23D3E6080028F0B7 /* GraffeineDataAnimators_Line_Morph.swift in Sources */,
				DCA7C0B023D967E300B722E4 /* RadialPositioning.swift in Sources */,
				DCE3CEAB23D3E6080028F0B7 /* GraffeineDataAnimators_Bar.swift in Sources */,
				DCCF82E823D8062400CEA48F /* GraffeineDataAnimators_Pie_Morph.swift in Sources */,
				DCF3C77B23C6997000F5F92F /* GraffeineHorizontalLabelLayer+Label.swift in Sources */,
				DCF5561523D989CB00C55556 /* GraffeineLayer+ColorIndex.swift in Sources */,
				DC45D59823D65A7C000B9A35 /* GraffeineBarLayer+Bar.swift in Sources */,
				DC43354923D6CD830094BEE3 /* GraffeineLayer+Region.swift in Sources */,
				DCE3CEAC23D3E6080028F0B7 /* GraffeineDataAnimators_Bar_Grow.swift in Sources */,
				DCA7C09C23D9513900B722E4 /* GraffeineLayer+UnitLine.swift in Sources */,
				DC8773E423DBB89E005246BA /* LineSmoothingMethodCatmullRom.swift in Sources */,
				DCF0C99823D1A1D000EDD4E4 /* GraffeinePieLayer.swift in Sources */,
				DCF3C77F23C6997A00F5F92F /* GraffeineLineLayer+Line.swift in Sources */,
				DCCC5FE523D2BEA600DA8839 /* CALayer+performWithoutAnimation.swift in Sources */,
				DC45D59A23D65A7C000B9A35 /* GraffeineBarLayer+Bar+RoundedEnds.swift in Sources */,
				DC8E261223D58087004DD5CE /* GraffeineRadialLabelLayer.swift in Sources */,
				DC519A0823D4606F0003C38A /* GraffeineDataAnimators_Line_Trace.swift in Sources */,
				DCF3C77923C6996900F5F92F /* GraffeineGridLineLayer+GridLine.swift in Sources */,
				DCE3CEB423D3E6080028F0B7 /* GraffeineDataAnimators_Pie_Spin.swift in Sources */,
				DC336CDD23DD7DE50029316E /* GraffeineDataAnimators_PlotLabel.swift in Sources */,
				DCE3CEBD23D3E7C20028F0B7 /* GraffeineLayer+UnitSubdivision.swift in Sources */,
				DC336CDB23DD7DDB0029316E /* GraffeinePlotLabelLayer.swift in Sources */,
				DCE3CEB223D3E6080028F0B7 /* GraffeineDataAnimators_Pie.swift in Sources */,
				DCF3C77523C6996000F5F92F /* GraffeineLayer+DimensionalUnit.swift in Sources */,
				DCCF82EA23D8064000CEA48F /* GraffeineDataAnimators_RadialLabel_FadeIn.swift in Sources */,
				DC8E261123D58083004DD5CE /* GraffeineDataAnimators_RadialLabel_Move.swift in Sources */,
				DCA7C09A23D9512C00B722E4 /* GraffeineLayer+UnitFill.swift in Sources */,
				DCF3C77A23C6997000F5F92F /* GraffeineHorizontalLabelLayer.swift in Sources */,
				DCE3CEAA23D3E6080028F0B7 /* GraffeineDataAnimators.swift in Sources */,
				DCF0C99723D1A1CD00EDD4E4 /* GraffeinePieLayer+PieSlice.swift in Sources */,
				DCF3C77823C6996900F5F92F /* GraffeineGridLineLayer.swift in Sources */,
				DCF3C77323C6996000F5F92F /* GraffeineLayer.swift in Sources */,
				DC2FA27723CEAB5A00E88807 /* GraffeinePlotLayer+Plot.swift in Sources */,
				DCF3C77423C6996000F5F92F /* GraffeineData.swift in Sources */,
				DCE3CEAD23D3E6080028F0B7 /* GraffeineDataAnimators_Line.swift in Sources */,
				DC8E261023D58083004DD5CE /* GraffeineDataAnimators_RadialLabel.swift in Sources */,
				DC336CDE23DD7DE50029316E /* GraffeineDataAnimators_PlotLabel_FadeIn.swift in Sources */,
				DC336CDC23DD7DDB0029316E /* GraffeinePlotLabelLayer+Label.swift in Sources */,
				DCE3CEB023D3E6080028F0B7 /* GraffeineDataAnimators_Plot.swift in Sources */,
				DCE3CEBB23D3E75B0028F0B7 /* GraffeineAnglePair.swift in Sources */,
				DCE3CEB123D3E6080028F0B7 /* GraffeineDataAnimators_Plot_FadeIn.swift in Sources */,
				DCE3CEB323D3E6080028F0B7 /* GraffeineDataAnimators_Pie_Automatic.swift in Sources */,
				DC43354D23D6DA460094BEE3 /* GraffeineLayer+Selection.swift in Sources */,
				DC466E1923D68ADE00A86458 /* GraffeineLayer+UnitShadow.swift in Sources */,
			);
			runOnlyForDeploymentPostprocessing = 0;
		};
/* End PBXSourcesBuildPhase section */

/* Begin PBXTargetDependency section */
		DCF3C78523C69AD900F5F92F /* PBXTargetDependency */ = {
			isa = PBXTargetDependency;
			target = DCF3C76923C6993A00F5F92F /* Graffeine */;
			targetProxy = DCF3C78423C69AD900F5F92F /* PBXContainerItemProxy */;
		};
/* End PBXTargetDependency section */

/* Begin XCBuildConfiguration section */
		DC612E4123B43B8300C08AB5 /* Debug */ = {
			isa = XCBuildConfiguration;
			buildSettings = {
				ALWAYS_SEARCH_USER_PATHS = NO;
				CLANG_ANALYZER_NONNULL = YES;
				CLANG_ANALYZER_NUMBER_OBJECT_CONVERSION = YES_AGGRESSIVE;
				CLANG_CXX_LANGUAGE_STANDARD = "gnu++14";
				CLANG_CXX_LIBRARY = "libc++";
				CLANG_ENABLE_MODULES = YES;
				CLANG_ENABLE_OBJC_ARC = YES;
				CLANG_ENABLE_OBJC_WEAK = YES;
				CLANG_WARN_BLOCK_CAPTURE_AUTORELEASING = YES;
				CLANG_WARN_BOOL_CONVERSION = YES;
				CLANG_WARN_COMMA = YES;
				CLANG_WARN_CONSTANT_CONVERSION = YES;
				CLANG_WARN_DEPRECATED_OBJC_IMPLEMENTATIONS = YES;
				CLANG_WARN_DIRECT_OBJC_ISA_USAGE = YES_ERROR;
				CLANG_WARN_DOCUMENTATION_COMMENTS = YES;
				CLANG_WARN_EMPTY_BODY = YES;
				CLANG_WARN_ENUM_CONVERSION = YES;
				CLANG_WARN_INFINITE_RECURSION = YES;
				CLANG_WARN_INT_CONVERSION = YES;
				CLANG_WARN_NON_LITERAL_NULL_CONVERSION = YES;
				CLANG_WARN_OBJC_IMPLICIT_RETAIN_SELF = YES;
				CLANG_WARN_OBJC_LITERAL_CONVERSION = YES;
				CLANG_WARN_OBJC_ROOT_CLASS = YES_ERROR;
				CLANG_WARN_RANGE_LOOP_ANALYSIS = YES;
				CLANG_WARN_STRICT_PROTOTYPES = YES;
				CLANG_WARN_SUSPICIOUS_MOVE = YES;
				CLANG_WARN_UNGUARDED_AVAILABILITY = YES_AGGRESSIVE;
				CLANG_WARN_UNREACHABLE_CODE = YES;
				CLANG_WARN__DUPLICATE_METHOD_MATCH = YES;
				COPY_PHASE_STRIP = NO;
				DEBUG_INFORMATION_FORMAT = dwarf;
				ENABLE_STRICT_OBJC_MSGSEND = YES;
				ENABLE_TESTABILITY = YES;
				GCC_C_LANGUAGE_STANDARD = gnu11;
				GCC_DYNAMIC_NO_PIC = NO;
				GCC_NO_COMMON_BLOCKS = YES;
				GCC_OPTIMIZATION_LEVEL = 0;
				GCC_PREPROCESSOR_DEFINITIONS = (
					"DEBUG=1",
					"$(inherited)",
				);
				GCC_WARN_64_TO_32_BIT_CONVERSION = YES;
				GCC_WARN_ABOUT_RETURN_TYPE = YES_ERROR;
				GCC_WARN_UNDECLARED_SELECTOR = YES;
				GCC_WARN_UNINITIALIZED_AUTOS = YES_AGGRESSIVE;
				GCC_WARN_UNUSED_FUNCTION = YES;
				GCC_WARN_UNUSED_VARIABLE = YES;
				IPHONEOS_DEPLOYMENT_TARGET = 12.0;
				MTL_ENABLE_DEBUG_INFO = INCLUDE_SOURCE;
				MTL_FAST_MATH = YES;
				ONLY_ACTIVE_ARCH = YES;
				SDKROOT = iphoneos;
				SWIFT_ACTIVE_COMPILATION_CONDITIONS = DEBUG;
				SWIFT_OPTIMIZATION_LEVEL = "-Onone";
			};
			name = Debug;
		};
		DC612E4223B43B8300C08AB5 /* Release */ = {
			isa = XCBuildConfiguration;
			buildSettings = {
				ALWAYS_SEARCH_USER_PATHS = NO;
				CLANG_ANALYZER_NONNULL = YES;
				CLANG_ANALYZER_NUMBER_OBJECT_CONVERSION = YES_AGGRESSIVE;
				CLANG_CXX_LANGUAGE_STANDARD = "gnu++14";
				CLANG_CXX_LIBRARY = "libc++";
				CLANG_ENABLE_MODULES = YES;
				CLANG_ENABLE_OBJC_ARC = YES;
				CLANG_ENABLE_OBJC_WEAK = YES;
				CLANG_WARN_BLOCK_CAPTURE_AUTORELEASING = YES;
				CLANG_WARN_BOOL_CONVERSION = YES;
				CLANG_WARN_COMMA = YES;
				CLANG_WARN_CONSTANT_CONVERSION = YES;
				CLANG_WARN_DEPRECATED_OBJC_IMPLEMENTATIONS = YES;
				CLANG_WARN_DIRECT_OBJC_ISA_USAGE = YES_ERROR;
				CLANG_WARN_DOCUMENTATION_COMMENTS = YES;
				CLANG_WARN_EMPTY_BODY = YES;
				CLANG_WARN_ENUM_CONVERSION = YES;
				CLANG_WARN_INFINITE_RECURSION = YES;
				CLANG_WARN_INT_CONVERSION = YES;
				CLANG_WARN_NON_LITERAL_NULL_CONVERSION = YES;
				CLANG_WARN_OBJC_IMPLICIT_RETAIN_SELF = YES;
				CLANG_WARN_OBJC_LITERAL_CONVERSION = YES;
				CLANG_WARN_OBJC_ROOT_CLASS = YES_ERROR;
				CLANG_WARN_RANGE_LOOP_ANALYSIS = YES;
				CLANG_WARN_STRICT_PROTOTYPES = YES;
				CLANG_WARN_SUSPICIOUS_MOVE = YES;
				CLANG_WARN_UNGUARDED_AVAILABILITY = YES_AGGRESSIVE;
				CLANG_WARN_UNREACHABLE_CODE = YES;
				CLANG_WARN__DUPLICATE_METHOD_MATCH = YES;
				COPY_PHASE_STRIP = NO;
				DEBUG_INFORMATION_FORMAT = "dwarf-with-dsym";
				ENABLE_NS_ASSERTIONS = NO;
				ENABLE_STRICT_OBJC_MSGSEND = YES;
				GCC_C_LANGUAGE_STANDARD = gnu11;
				GCC_NO_COMMON_BLOCKS = YES;
				GCC_WARN_64_TO_32_BIT_CONVERSION = YES;
				GCC_WARN_ABOUT_RETURN_TYPE = YES_ERROR;
				GCC_WARN_UNDECLARED_SELECTOR = YES;
				GCC_WARN_UNINITIALIZED_AUTOS = YES_AGGRESSIVE;
				GCC_WARN_UNUSED_FUNCTION = YES;
				GCC_WARN_UNUSED_VARIABLE = YES;
				IPHONEOS_DEPLOYMENT_TARGET = 12.0;
				MTL_ENABLE_DEBUG_INFO = NO;
				MTL_FAST_MATH = YES;
				SDKROOT = iphoneos;
				SWIFT_COMPILATION_MODE = wholemodule;
				SWIFT_OPTIMIZATION_LEVEL = "-O";
				VALIDATE_PRODUCT = YES;
			};
			name = Release;
		};
		DC612E4723B43B8300C08AB5 /* Debug */ = {
			isa = XCBuildConfiguration;
			buildSettings = {
				ALWAYS_EMBED_SWIFT_STANDARD_LIBRARIES = YES;
				CODE_SIGN_STYLE = Automatic;
				DEVELOPMENT_TEAM = VL6HBXSLT9;
				INFOPLIST_FILE = Tests/GraffeineTests/Info.plist;
				LD_RUNPATH_SEARCH_PATHS = (
					"$(inherited)",
					"@executable_path/Frameworks",
					"@loader_path/Frameworks",
				);
				PRODUCT_BUNDLE_IDENTIFIER = com.quickthyme.GraffeineTests;
				PRODUCT_NAME = "$(TARGET_NAME)";
				SWIFT_VERSION = 5.0;
				TARGETED_DEVICE_FAMILY = "1,2";
			};
			name = Debug;
		};
		DC612E4823B43B8300C08AB5 /* Release */ = {
			isa = XCBuildConfiguration;
			buildSettings = {
				ALWAYS_EMBED_SWIFT_STANDARD_LIBRARIES = YES;
				CODE_SIGN_STYLE = Automatic;
				DEVELOPMENT_TEAM = VL6HBXSLT9;
				INFOPLIST_FILE = Tests/GraffeineTests/Info.plist;
				LD_RUNPATH_SEARCH_PATHS = (
					"$(inherited)",
					"@executable_path/Frameworks",
					"@loader_path/Frameworks",
				);
				PRODUCT_BUNDLE_IDENTIFIER = com.quickthyme.GraffeineTests;
				PRODUCT_NAME = "$(TARGET_NAME)";
				SWIFT_VERSION = 5.0;
				TARGETED_DEVICE_FAMILY = "1,2";
			};
			name = Release;
		};
		DCF3C76F23C6993A00F5F92F /* Debug */ = {
			isa = XCBuildConfiguration;
			buildSettings = {
				CODE_SIGN_STYLE = Automatic;
				DEFINES_MODULE = YES;
				DEVELOPMENT_TEAM = LZG4ZYJ62H;
				IPHONEOS_DEPLOYMENT_TARGET = 12.0;
				OTHER_LDFLAGS = "-ObjC";
				PRODUCT_MODULE_NAME = Graffeine;
				PRODUCT_NAME = "$(TARGET_NAME)";
				SKIP_INSTALL = YES;
				SWIFT_VERSION = 5.0;
				TARGETED_DEVICE_FAMILY = "1,2";
			};
			name = Debug;
		};
		DCF3C77023C6993A00F5F92F /* Release */ = {
			isa = XCBuildConfiguration;
			buildSettings = {
				CODE_SIGN_STYLE = Automatic;
				DEFINES_MODULE = YES;
				DEVELOPMENT_TEAM = LZG4ZYJ62H;
				IPHONEOS_DEPLOYMENT_TARGET = 12.0;
				OTHER_LDFLAGS = "-ObjC";
				PRODUCT_MODULE_NAME = Graffeine;
				PRODUCT_NAME = "$(TARGET_NAME)";
				SKIP_INSTALL = YES;
				SWIFT_VERSION = 5.0;
				TARGETED_DEVICE_FAMILY = "1,2";
			};
			name = Release;
		};
/* End XCBuildConfiguration section */

/* Begin XCConfigurationList section */
		DC612E1F23B43B8000C08AB5 /* Build configuration list for PBXProject "Graffeine" */ = {
			isa = XCConfigurationList;
			buildConfigurations = (
				DC612E4123B43B8300C08AB5 /* Debug */,
				DC612E4223B43B8300C08AB5 /* Release */,
			);
			defaultConfigurationIsVisible = 0;
			defaultConfigurationName = Release;
		};
		DC612E4623B43B8300C08AB5 /* Build configuration list for PBXNativeTarget "GraffeineTests" */ = {
			isa = XCConfigurationList;
			buildConfigurations = (
				DC612E4723B43B8300C08AB5 /* Debug */,
				DC612E4823B43B8300C08AB5 /* Release */,
			);
			defaultConfigurationIsVisible = 0;
			defaultConfigurationName = Release;
		};
		DCF3C76E23C6993A00F5F92F /* Build configuration list for PBXNativeTarget "Graffeine" */ = {
			isa = XCConfigurationList;
			buildConfigurations = (
				DCF3C76F23C6993A00F5F92F /* Debug */,
				DCF3C77023C6993A00F5F92F /* Release */,
			);
			defaultConfigurationIsVisible = 0;
			defaultConfigurationName = Release;
		};
/* End XCConfigurationList section */
	};
	rootObject = DC612E1C23B43B8000C08AB5 /* Project object */;
}
